{
  "nodes": {
    "gh-recon": {
      "inputs": {
        "nixpkgs": "nixpkgs"
      },
      "locked": {
        "lastModified": 1752829076,
        "narHash": "sha256-+V/Llbv9v/obrOGqgZe9gYjpkgLv87SuKcB2Z6pNH3o=",
        "owner": "anotherhadi",
        "repo": "gh-recon",
        "rev": "a55bbc224910e0f63ea830bb2d2a2ffdaef8919c",
        "type": "github"
      },
      "original": {
        "owner": "anotherhadi",
        "repo": "gh-recon",
        "type": "github"
      }
    },
    "nixpkgs": {
      "locked": {
        "lastModified": 1746663147,
        "narHash": "sha256-Ua0drDHawlzNqJnclTJGf87dBmaO/tn7iZ+TCkTRpRc=",
        "owner": "NixOS",
        "repo": "nixpkgs",
        "rev": "dda3dcd3fe03e991015e9a74b22d35950f264a54",
        "type": "github"
      },
      "original": {
        "owner": "NixOS",
        "ref": "nixos-unstable",
        "repo": "nixpkgs",
        "type": "github"
      }
    },
    "nixpkgs_2": {
      "locked": {
        "lastModified": 1753795855,
        "narHash": "sha256-EpDoPManxT8G7s1DO1EhvkZ3IqmR4wDVRZAGRIn/NsU=",
        "owner": "NixOS",
        "repo": "nixpkgs",
        "rev": "6770f4556182b1c83bb583eadaeef41902b30d53",
        "type": "github"
      },
      "original": {
        "owner": "NixOS",
        "repo": "nixpkgs",
        "type": "github"
      }
    },
    "root": {
      "inputs": {
        "gh-recon": "gh-recon",
        "nixpkgs": "nixpkgs_2"
      }
    }
  },
  "root": "root",
  "version": 7
}
