{
  "nodes": {
    "github-recon": {
      "inputs": {
        "nixpkgs": "nixpkgs"
      },
      "locked": {
        "lastModified": 1755955044,
        "narHash": "sha256-hV1C/XMgWsmcfxNzwqTaVVyt0yc6ANhgbxlKNzyrmUA=",
        "owner": "anotherhadi",
        "repo": "github-recon",
        "rev": "40ff397df72570b855a4a731ee333390d22daa03",
        "type": "github"
      },
      "original": {
        "owner": "anotherhadi",
        "repo": "github-recon",
        "type": "github"
      }
    },
    "nixpkgs": {
      "locked": {
        "lastModified": 1755615617,
        "narHash": "sha256-HMwfAJBdrr8wXAkbGhtcby1zGFvs+StOp19xNsbqdOg=",
        "owner": "NixOS",
        "repo": "nixpkgs",
        "rev": "20075955deac2583bb12f07151c2df830ef346b4",
        "type": "github"
      },
      "original": {
        "owner": "NixOS",
        "ref": "nixos-unstable",
        "repo": "nixpkgs",
        "type": "github"
      }
    },
    "nixpkgs_2": {
      "locked": {
        "lastModified": 1755958482,
        "narHash": "sha256-+8h7GfNY93qEnpxFgeZEF3gjwOKjctmB6lSsUE5Ygcs=",
        "owner": "NixOS",
        "repo": "nixpkgs",
        "rev": "e510bdd0631aa93d530bf342725915ccbd757b39",
        "type": "github"
      },
      "original": {
        "owner": "NixOS",
        "repo": "nixpkgs",
        "type": "github"
      }
    },
    "root": {
      "inputs": {
        "github-recon": "github-recon",
        "nixpkgs": "nixpkgs_2"
      }
    }
  },
  "root": "root",
  "version": 7
}
